Microsoft Visual Studio Solution File, Format Version 12.00
# Visual Studio Version 17
VisualStudioVersion = 17.0.31903.59
MinimumVisualStudioVersion = 10.0.40219.1
Project("{9A19103F-16F7-4668-BE54-9A1E7A4F7556}") = "SecureLibrary-PB", "net481PB\SecureLibrary-PB.csproj", "{B8E7A4F7-1234-4668-BE54-9A1E7A4F7556}"
EndProject
Project("{9A19103F-16F7-4668-BE54-9A1E7A4F7556}") = "SecureLibrary-SQL", "net481SQL-server\SecureLibrary-SQL.csproj", "{A7F6B3E2-5678-4668-BE54-9A1E7A4F7557}"
EndProject
Project("{9A19103F-16F7-4668-BE54-9A1E7A4F7556}") = "SecureLibrary-Core", "NET8\SecureLibrary-Core.csproj", "{C9D8E5F4-9012-4668-BE54-9A1E7A4F7558}"
EndProject
Global
	GlobalSection(SolutionConfigurationPlatforms) = preSolution
		Debug|Any CPU = Debug|Any CPU
		Release|Any CPU = Release|Any CPU
	EndGlobalSection
	GlobalSection(ProjectConfigurationPlatforms) = postSolution
		{B8E7A4F7-1234-4668-BE54-9A1E7A4F7556}.Debug|Any CPU.ActiveCfg = Debug|Any CPU
		{B8E7A4F7-1234-4668-BE54-9A1E7A4F7556}.Debug|Any CPU.Build.0 = Debug|Any CPU
		{B8E7A4F7-1234-4668-BE54-9A1E7A4F7556}.Release|Any CPU.ActiveCfg = Release|Any CPU
		{B8E7A4F7-1234-4668-BE54-9A1E7A4F7556}.Release|Any CPU.Build.0 = Release|Any CPU
		{A7F6B3E2-5678-4668-BE54-9A1E7A4F7557}.Debug|Any CPU.ActiveCfg = Debug|Any CPU
		{A7F6B3E2-5678-4668-BE54-9A1E7A4F7557}.Debug|Any CPU.Build.0 = Debug|Any CPU
		{A7F6B3E2-5678-4668-BE54-9A1E7A4F7557}.Release|Any CPU.ActiveCfg = Release|Any CPU
		{A7F6B3E2-5678-4668-BE54-9A1E7A4F7557}.Release|Any CPU.Build.0 = Release|Any CPU
		{C9D8E5F4-9012-4668-BE54-9A1E7A4F7558}.Debug|Any CPU.ActiveCfg = Debug|Any CPU
		{C9D8E5F4-9012-4668-BE54-9A1E7A4F7558}.Debug|Any CPU.Build.0 = Debug|Any CPU
		{C9D8E5F4-9012-4668-BE54-9A1E7A4F7558}.Release|Any CPU.ActiveCfg = Release|Any CPU
		{C9D8E5F4-9012-4668-BE54-9A1E7A4F7558}.Release|Any CPU.Build.0 = Release|Any CPU
	EndGlobalSection
	GlobalSection(SolutionProperties) = preSolution
		HideSolutionNode = FALSE
	EndGlobalSection
EndGlobal